github.com/BurntSushi/xgb v0.0.0-20201008132610-5f9e7b3c49cd h1:u7K2oMFMd8APDV3fM1j2rO3U/XJf1g1qC3DDTKou8iM=
github.com/BurntSushi/xgb v0.0.0-20201008132610-5f9e7b3c49cd/go.mod h1:IVnqGOEym/WlBOVXweHU+Q+/VP0lqqI8lqeDx9IjBqo=
github.com/logrusorgru/aurora v2.0.3+incompatible h1:tOpm7WcpBTn4fjmVfgpQq0EfczGlG91VSDkswnjF5A8=
github.com/logrusorgru/aurora v2.0.3+incompatible/go.mod h1:7rIyQOR62GCctdiQpZ/zOJlFyk6y+94wXzv6RNZgaR4=
github.com/safinsingh/stat v1.0.0 h1:Y2DM41lMgAaEu6ysE9nmLXGMr6d1O1v0QTrhGqkFFBs=
github.com/safinsingh/stat v1.0.0/go.mod h1:DG7ATvZ3UisfGmakaJH+BI4WJYoihlNoN6nm2xVLYag=
github.com/safinsingh/stat v1.0.1 h1:QQ7eGxbE+MkUkLsrO3pVfhaAG6O1YmckFeW5dhqhDTs=
github.com/safinsingh/stat v1.0.1/go.mod h1:DG7ATvZ3UisfGmakaJH+BI4WJYoihlNoN6nm2xVLYag=
